// !$*UTF8*$!
{
	archiveVersion = 1;
	classes = {
	};
	objectVersion = 55;
	objects = {

/* Begin PBXBuildFile section */
		429E40C929A339FC0056A9C0 /* MainMenu.swift in Sources */ = {isa = PBXBuildFile; fileRef = 429E40C829A339FC0056A9C0 /* MainMenu.swift */; };
		42EABD7C2995BB7B00494F25 /* UserSleepInputView.swift in Sources */ = {isa = PBXBuildFile; fileRef = 42EABD7B2995BB7B00494F25 /* UserSleepInputView.swift */; };
		6732CC62299C153E0035F1FC /* DataModel.xcdatamodeld in Sources */ = {isa = PBXBuildFile; fileRef = 6732CC60299C153E0035F1FC /* DataModel.xcdatamodeld */; };
		6732CC67299C5ADD0035F1FC /* DataController.swift in Sources */ = {isa = PBXBuildFile; fileRef = 6732CC66299C5ADD0035F1FC /* DataController.swift */; };
		CB2841242992A499003B93BB /* SlumbeRApp.swift in Sources */ = {isa = PBXBuildFile; fileRef = CB2841232992A499003B93BB /* SlumbeRApp.swift */; };
		CB2841282992A49A003B93BB /* Assets.xcassets in Resources */ = {isa = PBXBuildFile; fileRef = CB2841272992A49A003B93BB /* Assets.xcassets */; };
		CB28412B2992A49A003B93BB /* Preview Assets.xcassets in Resources */ = {isa = PBXBuildFile; fileRef = CB28412A2992A49A003B93BB /* Preview Assets.xcassets */; };
		CB2841342992A9C4003B93BB /* HomeView.swift in Sources */ = {isa = PBXBuildFile; fileRef = CB2841332992A9C4003B93BB /* HomeView.swift */; };
		CB2841362992ACC0003B93BB /* TabBar.swift in Sources */ = {isa = PBXBuildFile; fileRef = CB2841352992ACC0003B93BB /* TabBar.swift */; };
		CB4DEFC529A588A5009B96C0 /* SwiftUICharts in Frameworks */ = {isa = PBXBuildFile; productRef = CB4DEFC429A588A5009B96C0 /* SwiftUICharts */; };
		CBB9A056299C716D00E6F50A /* TipsView.swift in Sources */ = {isa = PBXBuildFile; fileRef = CBB9A055299C716D00E6F50A /* TipsView.swift */; };
/* End PBXBuildFile section */

/* Begin PBXFileReference section */
		421371BB29A38B75008FAB04 /* SlumbeR.entitlements */ = {isa = PBXFileReference; lastKnownFileType = text.plist.entitlements; path = SlumbeR.entitlements; sourceTree = "<group>"; };
		4294803B29A3873700436DBC /* Info.plist */ = {isa = PBXFileReference; lastKnownFileType = text.plist; path = Info.plist; sourceTree = "<group>"; };
		429E40C829A339FC0056A9C0 /* MainMenu.swift */ = {isa = PBXFileReference; lastKnownFileType = sourcecode.swift; path = MainMenu.swift; sourceTree = "<group>"; };
		42EABD7B2995BB7B00494F25 /* UserSleepInputView.swift */ = {isa = PBXFileReference; lastKnownFileType = sourcecode.swift; path = UserSleepInputView.swift; sourceTree = "<group>"; };
		6732CC61299C153E0035F1FC /* DataModel.xcdatamodel */ = {isa = PBXFileReference; lastKnownFileType = wrapper.xcdatamodel; path = DataModel.xcdatamodel; sourceTree = "<group>"; };
		6732CC66299C5ADD0035F1FC /* DataController.swift */ = {isa = PBXFileReference; lastKnownFileType = sourcecode.swift; path = DataController.swift; sourceTree = "<group>"; };
		CB2841202992A499003B93BB /* SlumbeR.app */ = {isa = PBXFileReference; explicitFileType = wrapper.application; includeInIndex = 0; path = SlumbeR.app; sourceTree = BUILT_PRODUCTS_DIR; };
		CB2841232992A499003B93BB /* SlumbeRApp.swift */ = {isa = PBXFileReference; lastKnownFileType = sourcecode.swift; path = SlumbeRApp.swift; sourceTree = "<group>"; };
		CB2841272992A49A003B93BB /* Assets.xcassets */ = {isa = PBXFileReference; lastKnownFileType = folder.assetcatalog; path = Assets.xcassets; sourceTree = "<group>"; };
		CB28412A2992A49A003B93BB /* Preview Assets.xcassets */ = {isa = PBXFileReference; lastKnownFileType = folder.assetcatalog; path = "Preview Assets.xcassets"; sourceTree = "<group>"; };
		CB2841332992A9C4003B93BB /* HomeView.swift */ = {isa = PBXFileReference; lastKnownFileType = sourcecode.swift; path = HomeView.swift; sourceTree = "<group>"; };
		CB2841352992ACC0003B93BB /* TabBar.swift */ = {isa = PBXFileReference; lastKnownFileType = sourcecode.swift; path = TabBar.swift; sourceTree = "<group>"; };
		CBB9A055299C716D00E6F50A /* TipsView.swift */ = {isa = PBXFileReference; lastKnownFileType = sourcecode.swift; path = TipsView.swift; sourceTree = "<group>"; };
/* End PBXFileReference section */

/* Begin PBXFrameworksBuildPhase section */
		CB28411D2992A499003B93BB /* Frameworks */ = {
			isa = PBXFrameworksBuildPhase;
			buildActionMask = 2147483647;
			files = (
				CB4DEFC529A588A5009B96C0 /* SwiftUICharts in Frameworks */,
			);
			runOnlyForDeploymentPostprocessing = 0;
		};
/* End PBXFrameworksBuildPhase section */

/* Begin PBXGroup section */
		6732CC65299C5ACD0035F1FC /* Model */ = {
			isa = PBXGroup;
			children = (
			);
			path = Model;
			sourceTree = "<group>";
		};
		CB2841172992A499003B93BB = {
			isa = PBXGroup;
			children = (
				CB2841222992A499003B93BB /* SlumbeR */,
				CB2841212992A499003B93BB /* Products */,
			);
			sourceTree = "<group>";
		};
		CB2841212992A499003B93BB /* Products */ = {
			isa = PBXGroup;
			children = (
				CB2841202992A499003B93BB /* SlumbeR.app */,
			);
			name = Products;
			sourceTree = "<group>";
		};
		CB2841222992A499003B93BB /* SlumbeR */ = {
			isa = PBXGroup;
			children = (
				421371BB29A38B75008FAB04 /* SlumbeR.entitlements */,
				4294803B29A3873700436DBC /* Info.plist */,
				6732CC60299C153E0035F1FC /* DataModel.xcdatamodeld */,
				6732CC66299C5ADD0035F1FC /* DataController.swift */,
				6732CC65299C5ACD0035F1FC /* Model */,
				CB2841232992A499003B93BB /* SlumbeRApp.swift */,
				CB2841312992A962003B93BB /* Views */,
				CB2841272992A49A003B93BB /* Assets.xcassets */,
				CB2841292992A49A003B93BB /* Preview Content */,
			);
			path = SlumbeR;
			sourceTree = "<group>";
		};
		CB2841292992A49A003B93BB /* Preview Content */ = {
			isa = PBXGroup;
			children = (
				CB28412A2992A49A003B93BB /* Preview Assets.xcassets */,
			);
			path = "Preview Content";
			sourceTree = "<group>";
		};
		CB2841312992A962003B93BB /* Views */ = {
			isa = PBXGroup;
			children = (
				CB2841322992A971003B93BB /* Main */,
			);
			path = Views;
			sourceTree = "<group>";
		};
		CB2841322992A971003B93BB /* Main */ = {
			isa = PBXGroup;
			children = (
				CB2841332992A9C4003B93BB /* HomeView.swift */,
				42EABD7B2995BB7B00494F25 /* UserSleepInputView.swift */,
				CB2841352992ACC0003B93BB /* TabBar.swift */,
				429E40C829A339FC0056A9C0 /* MainMenu.swift */,
				CBB9A055299C716D00E6F50A /* TipsView.swift */,
			);
			path = Main;
			sourceTree = "<group>";
		};
/* End PBXGroup section */

/* Begin PBXNativeTarget section */
		CB28411F2992A499003B93BB /* SlumbeR */ = {
			isa = PBXNativeTarget;
			buildConfigurationList = CB28412E2992A49A003B93BB /* Build configuration list for PBXNativeTarget "SlumbeR" */;
			buildPhases = (
				CB28411C2992A499003B93BB /* Sources */,
				CB28411D2992A499003B93BB /* Frameworks */,
				CB28411E2992A499003B93BB /* Resources */,
			);
			buildRules = (
			);
			dependencies = (
			);
			name = SlumbeR;
			packageProductDependencies = (
				CB4DEFC429A588A5009B96C0 /* SwiftUICharts */,
			);
			productName = SlumbeR;
			productReference = CB2841202992A499003B93BB /* SlumbeR.app */;
			productType = "com.apple.product-type.application";
		};
/* End PBXNativeTarget section */

/* Begin PBXProject section */
		CB2841182992A499003B93BB /* Project object */ = {
			isa = PBXProject;
			attributes = {
				BuildIndependentTargetsInParallel = 1;
				LastSwiftUpdateCheck = 1320;
				LastUpgradeCheck = 1320;
				TargetAttributes = {
					CB28411F2992A499003B93BB = {
						CreatedOnToolsVersion = 13.2.1;
					};
				};
			};
			buildConfigurationList = CB28411B2992A499003B93BB /* Build configuration list for PBXProject "SlumbeR" */;
			compatibilityVersion = "Xcode 13.0";
			developmentRegion = en;
			hasScannedForEncodings = 0;
			knownRegions = (
				en,
				Base,
			);
			mainGroup = CB2841172992A499003B93BB;
			packageReferences = (
				CB4DEFC329A588A5009B96C0 /* XCRemoteSwiftPackageReference "ChartView" */,
			);
			productRefGroup = CB2841212992A499003B93BB /* Products */;
			projectDirPath = "";
			projectRoot = "";
			targets = (
				CB28411F2992A499003B93BB /* SlumbeR */,
			);
		};
/* End PBXProject section */

/* Begin PBXResourcesBuildPhase section */
		CB28411E2992A499003B93BB /* Resources */ = {
			isa = PBXResourcesBuildPhase;
			buildActionMask = 2147483647;
			files = (
				CB28412B2992A49A003B93BB /* Preview Assets.xcassets in Resources */,
				CB2841282992A49A003B93BB /* Assets.xcassets in Resources */,
			);
			runOnlyForDeploymentPostprocessing = 0;
		};
/* End PBXResourcesBuildPhase section */

/* Begin PBXSourcesBuildPhase section */
		CB28411C2992A499003B93BB /* Sources */ = {
			isa = PBXSourcesBuildPhase;
			buildActionMask = 2147483647;
			files = (
				CB2841342992A9C4003B93BB /* HomeView.swift in Sources */,
				6732CC62299C153E0035F1FC /* DataModel.xcdatamodeld in Sources */,
				CB2841242992A499003B93BB /* SlumbeRApp.swift in Sources */,
				CB2841362992ACC0003B93BB /* TabBar.swift in Sources */,
				429E40C929A339FC0056A9C0 /* MainMenu.swift in Sources */,
				CBB9A056299C716D00E6F50A /* TipsView.swift in Sources */,
				6732CC67299C5ADD0035F1FC /* DataController.swift in Sources */,
				42EABD7C2995BB7B00494F25 /* UserSleepInputView.swift in Sources */,
			);
			runOnlyForDeploymentPostprocessing = 0;
		};
/* End PBXSourcesBuildPhase section */

/* Begin XCBuildConfiguration section */
		CB28412C2992A49A003B93BB /* Debug */ = {
			isa = XCBuildConfiguration;
			buildSettings = {
				ALWAYS_SEARCH_USER_PATHS = NO;
				CLANG_ANALYZER_NONNULL = YES;
				CLANG_ANALYZER_NUMBER_OBJECT_CONVERSION = YES_AGGRESSIVE;
				CLANG_CXX_LANGUAGE_STANDARD = "gnu++17";
				CLANG_CXX_LIBRARY = "libc++";
				CLANG_ENABLE_MODULES = YES;
				CLANG_ENABLE_OBJC_ARC = YES;
				CLANG_ENABLE_OBJC_WEAK = YES;
				CLANG_WARN_BLOCK_CAPTURE_AUTORELEASING = YES;
				CLANG_WARN_BOOL_CONVERSION = YES;
				CLANG_WARN_COMMA = YES;
				CLANG_WARN_CONSTANT_CONVERSION = YES;
				CLANG_WARN_DEPRECATED_OBJC_IMPLEMENTATIONS = YES;
				CLANG_WARN_DIRECT_OBJC_ISA_USAGE = YES_ERROR;
				CLANG_WARN_DOCUMENTATION_COMMENTS = YES;
				CLANG_WARN_EMPTY_BODY = YES;
				CLANG_WARN_ENUM_CONVERSION = YES;
				CLANG_WARN_INFINITE_RECURSION = YES;
				CLANG_WARN_INT_CONVERSION = YES;
				CLANG_WARN_NON_LITERAL_NULL_CONVERSION = YES;
				CLANG_WARN_OBJC_IMPLICIT_RETAIN_SELF = YES;
				CLANG_WARN_OBJC_LITERAL_CONVERSION = YES;
				CLANG_WARN_OBJC_ROOT_CLASS = YES_ERROR;
				CLANG_WARN_QUOTED_INCLUDE_IN_FRAMEWORK_HEADER = YES;
				CLANG_WARN_RANGE_LOOP_ANALYSIS = YES;
				CLANG_WARN_STRICT_PROTOTYPES = YES;
				CLANG_WARN_SUSPICIOUS_MOVE = YES;
				CLANG_WARN_UNGUARDED_AVAILABILITY = YES_AGGRESSIVE;
				CLANG_WARN_UNREACHABLE_CODE = YES;
				CLANG_WARN__DUPLICATE_METHOD_MATCH = YES;
				COPY_PHASE_STRIP = NO;
				DEBUG_INFORMATION_FORMAT = dwarf;
				ENABLE_STRICT_OBJC_MSGSEND = YES;
				ENABLE_TESTABILITY = YES;
				GCC_C_LANGUAGE_STANDARD = gnu11;
				GCC_DYNAMIC_NO_PIC = NO;
				GCC_NO_COMMON_BLOCKS = YES;
				GCC_OPTIMIZATION_LEVEL = 0;
				GCC_PREPROCESSOR_DEFINITIONS = (
					"DEBUG=1",
					"$(inherited)",
				);
				GCC_WARN_64_TO_32_BIT_CONVERSION = YES;
				GCC_WARN_ABOUT_RETURN_TYPE = YES_ERROR;
				GCC_WARN_UNDECLARED_SELECTOR = YES;
				GCC_WARN_UNINITIALIZED_AUTOS = YES_AGGRESSIVE;
				GCC_WARN_UNUSED_FUNCTION = YES;
				GCC_WARN_UNUSED_VARIABLE = YES;
				IPHONEOS_DEPLOYMENT_TARGET = 15.2;
				MTL_ENABLE_DEBUG_INFO = INCLUDE_SOURCE;
				MTL_FAST_MATH = YES;
				ONLY_ACTIVE_ARCH = YES;
				SDKROOT = iphoneos;
				SWIFT_ACTIVE_COMPILATION_CONDITIONS = DEBUG;
				SWIFT_OPTIMIZATION_LEVEL = "-Onone";
			};
			name = Debug;
		};
		CB28412D2992A49A003B93BB /* Release */ = {
			isa = XCBuildConfiguration;
			buildSettings = {
				ALWAYS_SEARCH_USER_PATHS = NO;
				CLANG_ANALYZER_NONNULL = YES;
				CLANG_ANALYZER_NUMBER_OBJECT_CONVERSION = YES_AGGRESSIVE;
				CLANG_CXX_LANGUAGE_STANDARD = "gnu++17";
				CLANG_CXX_LIBRARY = "libc++";
				CLANG_ENABLE_MODULES = YES;
				CLANG_ENABLE_OBJC_ARC = YES;
				CLANG_ENABLE_OBJC_WEAK = YES;
				CLANG_WARN_BLOCK_CAPTURE_AUTORELEASING = YES;
				CLANG_WARN_BOOL_CONVERSION = YES;
				CLANG_WARN_COMMA = YES;
				CLANG_WARN_CONSTANT_CONVERSION = YES;
				CLANG_WARN_DEPRECATED_OBJC_IMPLEMENTATIONS = YES;
				CLANG_WARN_DIRECT_OBJC_ISA_USAGE = YES_ERROR;
				CLANG_WARN_DOCUMENTATION_COMMENTS = YES;
				CLANG_WARN_EMPTY_BODY = YES;
				CLANG_WARN_ENUM_CONVERSION = YES;
				CLANG_WARN_INFINITE_RECURSION = YES;
				CLANG_WARN_INT_CONVERSION = YES;
				CLANG_WARN_NON_LITERAL_NULL_CONVERSION = YES;
				CLANG_WARN_OBJC_IMPLICIT_RETAIN_SELF = YES;
				CLANG_WARN_OBJC_LITERAL_CONVERSION = YES;
				CLANG_WARN_OBJC_ROOT_CLASS = YES_ERROR;
				CLANG_WARN_QUOTED_INCLUDE_IN_FRAMEWORK_HEADER = YES;
				CLANG_WARN_RANGE_LOOP_ANALYSIS = YES;
				CLANG_WARN_STRICT_PROTOTYPES = YES;
				CLANG_WARN_SUSPICIOUS_MOVE = YES;
				CLANG_WARN_UNGUARDED_AVAILABILITY = YES_AGGRESSIVE;
				CLANG_WARN_UNREACHABLE_CODE = YES;
				CLANG_WARN__DUPLICATE_METHOD_MATCH = YES;
				COPY_PHASE_STRIP = NO;
				DEBUG_INFORMATION_FORMAT = "dwarf-with-dsym";
				ENABLE_NS_ASSERTIONS = NO;
				ENABLE_STRICT_OBJC_MSGSEND = YES;
				GCC_C_LANGUAGE_STANDARD = gnu11;
				GCC_NO_COMMON_BLOCKS = YES;
				GCC_WARN_64_TO_32_BIT_CONVERSION = YES;
				GCC_WARN_ABOUT_RETURN_TYPE = YES_ERROR;
				GCC_WARN_UNDECLARED_SELECTOR = YES;
				GCC_WARN_UNINITIALIZED_AUTOS = YES_AGGRESSIVE;
				GCC_WARN_UNUSED_FUNCTION = YES;
				GCC_WARN_UNUSED_VARIABLE = YES;
				IPHONEOS_DEPLOYMENT_TARGET = 15.2;
				MTL_ENABLE_DEBUG_INFO = NO;
				MTL_FAST_MATH = YES;
				SDKROOT = iphoneos;
				SWIFT_COMPILATION_MODE = wholemodule;
				SWIFT_OPTIMIZATION_LEVEL = "-O";
				VALIDATE_PRODUCT = YES;
			};
			name = Release;
		};
		CB28412F2992A49A003B93BB /* Debug */ = {
			isa = XCBuildConfiguration;
			buildSettings = {
				ASSETCATALOG_COMPILER_APPICON_NAME = AppIcon;
				ASSETCATALOG_COMPILER_GLOBAL_ACCENT_COLOR_NAME = AccentColor;
				CODE_SIGN_ENTITLEMENTS = SlumbeR/SlumbeR.entitlements;
				CODE_SIGN_STYLE = Automatic;
				CURRENT_PROJECT_VERSION = 1;
				DEVELOPMENT_ASSET_PATHS = "\"SlumbeR/Preview Content\"";
				ENABLE_PREVIEWS = YES;
				GENERATE_INFOPLIST_FILE = YES;
				INFOPLIST_FILE = "";
				INFOPLIST_KEY_LSApplicationCategoryType = "";
				INFOPLIST_KEY_NSHealthShareUsageDescription = "\"We need permission to steal your health data\"";
				INFOPLIST_KEY_UIApplicationSceneManifest_Generation = YES;
				INFOPLIST_KEY_UIApplicationSupportsIndirectInputEvents = YES;
				INFOPLIST_KEY_UILaunchScreen_Generation = YES;
				INFOPLIST_KEY_UISupportedInterfaceOrientations_iPad = "UIInterfaceOrientationPortrait UIInterfaceOrientationPortraitUpsideDown UIInterfaceOrientationLandscapeLeft UIInterfaceOrientationLandscapeRight";
				IPHONEOS_DEPLOYMENT_TARGET = 16.0;
				LD_RUNPATH_SEARCH_PATHS = (
					"$(inherited)",
					"@executable_path/Frameworks",
				);
				MARKETING_VERSION = 1.0;
				PRODUCT_BUNDLE_IDENTIFIER = reisha.SlumbeR;
				PRODUCT_NAME = "$(TARGET_NAME)";
				SWIFT_EMIT_LOC_STRINGS = YES;
				SWIFT_VERSION = 5.0;
				TARGETED_DEVICE_FAMILY = "1,2";
			};
			name = Debug;
		};
		CB2841302992A49A003B93BB /* Release */ = {
			isa = XCBuildConfiguration;
			buildSettings = {
				ASSETCATALOG_COMPILER_APPICON_NAME = AppIcon;
				ASSETCATALOG_COMPILER_GLOBAL_ACCENT_COLOR_NAME = AccentColor;
				CODE_SIGN_ENTITLEMENTS = SlumbeR/SlumbeR.entitlements;
				CODE_SIGN_STYLE = Automatic;
				CURRENT_PROJECT_VERSION = 1;
				DEVELOPMENT_ASSET_PATHS = "\"SlumbeR/Preview Content\"";
				ENABLE_PREVIEWS = YES;
				GENERATE_INFOPLIST_FILE = YES;
				INFOPLIST_FILE = "";
				INFOPLIST_KEY_LSApplicationCategoryType = "";
				INFOPLIST_KEY_NSHealthShareUsageDescription = "\"We need permission to steal your health data\"";
				INFOPLIST_KEY_UIApplicationSceneManifest_Generation = YES;
				INFOPLIST_KEY_UIApplicationSupportsIndirectInputEvents = YES;
				INFOPLIST_KEY_UILaunchScreen_Generation = YES;
				INFOPLIST_KEY_UISupportedInterfaceOrientations_iPad = "UIInterfaceOrientationPortrait UIInterfaceOrientationPortraitUpsideDown UIInterfaceOrientationLandscapeLeft UIInterfaceOrientationLandscapeRight";
				IPHONEOS_DEPLOYMENT_TARGET = 16.0;
				LD_RUNPATH_SEARCH_PATHS = (
					"$(inherited)",
					"@executable_path/Frameworks",
				);
				MARKETING_VERSION = 1.0;
				PRODUCT_BUNDLE_IDENTIFIER = reisha.SlumbeR;
				PRODUCT_NAME = "$(TARGET_NAME)";
				SWIFT_EMIT_LOC_STRINGS = YES;
				SWIFT_VERSION = 5.0;
				TARGETED_DEVICE_FAMILY = "1,2";
			};
			name = Release;
		};
/* End XCBuildConfiguration section */

/* Begin XCConfigurationList section */
		CB28411B2992A499003B93BB /* Build configuration list for PBXProject "SlumbeR" */ = {
			isa = XCConfigurationList;
			buildConfigurations = (
				CB28412C2992A49A003B93BB /* Debug */,
				CB28412D2992A49A003B93BB /* Release */,
			);
			defaultConfigurationIsVisible = 0;
			defaultConfigurationName = Release;
		};
		CB28412E2992A49A003B93BB /* Build configuration list for PBXNativeTarget "SlumbeR" */ = {
			isa = XCConfigurationList;
			buildConfigurations = (
				CB28412F2992A49A003B93BB /* Debug */,
				CB2841302992A49A003B93BB /* Release */,
			);
			defaultConfigurationIsVisible = 0;
			defaultConfigurationName = Release;
		};
/* End XCConfigurationList section */

/* Begin XCRemoteSwiftPackageReference section */
		CB4DEFC329A588A5009B96C0 /* XCRemoteSwiftPackageReference "ChartView" */ = {
			isa = XCRemoteSwiftPackageReference;
			repositoryURL = "https://github.com/AppPear/ChartView";
			requirement = {
				kind = upToNextMajorVersion;
				minimumVersion = 1.0.0;
			};
		};
/* End XCRemoteSwiftPackageReference section */

/* Begin XCSwiftPackageProductDependency section */
		CB4DEFC429A588A5009B96C0 /* SwiftUICharts */ = {
			isa = XCSwiftPackageProductDependency;
			package = CB4DEFC329A588A5009B96C0 /* XCRemoteSwiftPackageReference "ChartView" */;
			productName = SwiftUICharts;
		};
/* End XCSwiftPackageProductDependency section */

/* Begin XCVersionGroup section */
		6732CC60299C153E0035F1FC /* DataModel.xcdatamodeld */ = {
			isa = XCVersionGroup;
			children = (
				6732CC61299C153E0035F1FC /* DataModel.xcdatamodel */,
			);
			currentVersion = 6732CC61299C153E0035F1FC /* DataModel.xcdatamodel */;
			path = DataModel.xcdatamodeld;
			sourceTree = "<group>";
			versionGroupType = wrapper.xcdatamodel;
		};
/* End XCVersionGroup section */
	};
	rootObject = CB2841182992A499003B93BB /* Project object */;
}
