// !$*UTF8*$!
{
	archiveVersion = 1;
	classes = {
	};
	objectVersion = 55;
	objects = {

/* Begin PBXBuildFile section */
		421F074529C8310C00CCA8D9 /* Model.xcdatamodeld in Sources */ = {isa = PBXBuildFile; fileRef = 421F074329C8310C00CCA8D9 /* Model.xcdatamodeld */; };
		429E40C929A339FC0056A9C0 /* MainMenu.swift in Sources */ = {isa = PBXBuildFile; fileRef = 429E40C829A339FC0056A9C0 /* MainMenu.swift */; };
		42EABD7C2995BB7B00494F25 /* UserSleepInputView.swift in Sources */ = {isa = PBXBuildFile; fileRef = 42EABD7B2995BB7B00494F25 /* UserSleepInputView.swift */; };
		6732CC67299C5ADD0035F1FC /* DataController.swift in Sources */ = {isa = PBXBuildFile; fileRef = 6732CC66299C5ADD0035F1FC /* DataController.swift */; };
		67B22D1929C6C96C00EECEA3 /* cgender.mlmodel in Sources */ = {isa = PBXBuildFile; fileRef = 67B22D1529C6C96C00EECEA3 /* cgender.mlmodel */; };
		67B22D1A29C6C96C00EECEA3 /* cexerfreq.mlmodel in Sources */ = {isa = PBXBuildFile; fileRef = 67B22D1629C6C96C00EECEA3 /* cexerfreq.mlmodel */; };
		67B22D1B29C6C96C00EECEA3 /* cSleepE5.mlmodel in Sources */ = {isa = PBXBuildFile; fileRef = 67B22D1729C6C96C00EECEA3 /* cSleepE5.mlmodel */; };
		67B22D1C29C6C96C00EECEA3 /* csmoke.mlmodel in Sources */ = {isa = PBXBuildFile; fileRef = 67B22D1829C6C96C00EECEA3 /* csmoke.mlmodel */; };
		67B22D1E29C6C98700EECEA3 /* deep.mlmodel in Sources */ = {isa = PBXBuildFile; fileRef = 67B22D1D29C6C98700EECEA3 /* deep.mlmodel */; };
		67B22D2029C6C9B000EECEA3 /* duration.mlmodel in Sources */ = {isa = PBXBuildFile; fileRef = 67B22D1F29C6C9B000EECEA3 /* duration.mlmodel */; };
		67B22D2229C6C9B800EECEA3 /* rem.mlmodel in Sources */ = {isa = PBXBuildFile; fileRef = 67B22D2129C6C9B800EECEA3 /* rem.mlmodel */; };
		67B22D2429C6D44F00EECEA3 /* age.mlmodel in Sources */ = {isa = PBXBuildFile; fileRef = 67B22D2329C6D44F00EECEA3 /* age.mlmodel */; };
		67B22D2629C7D86000EECEA3 /* SleepE5.mlmodel in Sources */ = {isa = PBXBuildFile; fileRef = 67B22D2529C7D86000EECEA3 /* SleepE5.mlmodel */; };
		67E5703929BFEAD10079D2D1 /* utils.swift in Sources */ = {isa = PBXBuildFile; fileRef = 67E5703829BFEAD10079D2D1 /* utils.swift */; };
		67E5703D29BFEB770079D2D1 /* SleepE.mlmodel in Sources */ = {isa = PBXBuildFile; fileRef = 67E5703C29BFEB770079D2D1 /* SleepE.mlmodel */; };
		CB2841282992A49A003B93BB /* Assets.xcassets in Resources */ = {isa = PBXBuildFile; fileRef = CB2841272992A49A003B93BB /* Assets.xcassets */; };
		CB28412B2992A49A003B93BB /* Preview Assets.xcassets in Resources */ = {isa = PBXBuildFile; fileRef = CB28412A2992A49A003B93BB /* Preview Assets.xcassets */; };
		CB2841362992ACC0003B93BB /* TabBar.swift in Sources */ = {isa = PBXBuildFile; fileRef = CB2841352992ACC0003B93BB /* TabBar.swift */; };
		CB292BD629C80BCE0008EA09 /* SlumbeRApp.swift in Sources */ = {isa = PBXBuildFile; fileRef = CB292BD429C80B9A0008EA09 /* SlumbeRApp.swift */; };
		CB292BD729C80BD10008EA09 /* HomeView.swift in Sources */ = {isa = PBXBuildFile; fileRef = CB2841332992A9C4003B93BB /* HomeView.swift */; };
		CB4DEFC529A588A5009B96C0 /* SwiftUICharts in Frameworks */ = {isa = PBXBuildFile; productRef = CB4DEFC429A588A5009B96C0 /* SwiftUICharts */; };
		CB7C7F1729C2E20600D9B715 /* Entitlements.plist in Resources */ = {isa = PBXBuildFile; fileRef = CB7C7F1629C2E20600D9B715 /* Entitlements.plist */; };
		CB7C7F1929C2E40500D9B715 /* HealthKit.framework in Frameworks */ = {isa = PBXBuildFile; fileRef = CB7C7F1829C2E40500D9B715 /* HealthKit.framework */; };
		CB7C7F1B29C2E40C00D9B715 /* HealthKitUI.framework in Frameworks */ = {isa = PBXBuildFile; fileRef = CB7C7F1A29C2E40B00D9B715 /* HealthKitUI.framework */; };
		CBB9A056299C716D00E6F50A /* TipsView.swift in Sources */ = {isa = PBXBuildFile; fileRef = CBB9A055299C716D00E6F50A /* TipsView.swift */; };
/* End PBXBuildFile section */

/* Begin PBXCopyFilesBuildPhase section */
		CB3AFBEA29C24B83005D08EF /* Embed Foundation Extensions */ = {
			isa = PBXCopyFilesBuildPhase;
			buildActionMask = 2147483647;
			dstPath = "";
			dstSubfolderSpec = 13;
			files = (
			);
			name = "Embed Foundation Extensions";
			runOnlyForDeploymentPostprocessing = 0;
		};
/* End PBXCopyFilesBuildPhase section */

/* Begin PBXFileReference section */
		421371BB29A38B75008FAB04 /* SlumbeR.entitlements */ = {isa = PBXFileReference; lastKnownFileType = text.plist.entitlements; path = SlumbeR.entitlements; sourceTree = "<group>"; };
		421F074429C8310C00CCA8D9 /* Model.xcdatamodel */ = {isa = PBXFileReference; lastKnownFileType = wrapper.xcdatamodel; path = Model.xcdatamodel; sourceTree = "<group>"; };
		4294803B29A3873700436DBC /* Info.plist */ = {isa = PBXFileReference; lastKnownFileType = text.plist; path = Info.plist; sourceTree = "<group>"; };
		429E40C829A339FC0056A9C0 /* MainMenu.swift */ = {isa = PBXFileReference; lastKnownFileType = sourcecode.swift; path = MainMenu.swift; sourceTree = "<group>"; };
		42EABD7B2995BB7B00494F25 /* UserSleepInputView.swift */ = {isa = PBXFileReference; lastKnownFileType = sourcecode.swift; path = UserSleepInputView.swift; sourceTree = "<group>"; };
		6732CC66299C5ADD0035F1FC /* DataController.swift */ = {isa = PBXFileReference; lastKnownFileType = sourcecode.swift; path = DataController.swift; sourceTree = "<group>"; };
		67B22D1529C6C96C00EECEA3 /* cgender.mlmodel */ = {isa = PBXFileReference; lastKnownFileType = file.mlmodel; path = cgender.mlmodel; sourceTree = "<group>"; };
		67B22D1629C6C96C00EECEA3 /* cexerfreq.mlmodel */ = {isa = PBXFileReference; lastKnownFileType = file.mlmodel; path = cexerfreq.mlmodel; sourceTree = "<group>"; };
		67B22D1729C6C96C00EECEA3 /* cSleepE5.mlmodel */ = {isa = PBXFileReference; lastKnownFileType = file.mlmodel; path = cSleepE5.mlmodel; sourceTree = "<group>"; };
		67B22D1829C6C96C00EECEA3 /* csmoke.mlmodel */ = {isa = PBXFileReference; lastKnownFileType = file.mlmodel; path = csmoke.mlmodel; sourceTree = "<group>"; };
		67B22D1D29C6C98700EECEA3 /* deep.mlmodel */ = {isa = PBXFileReference; lastKnownFileType = file.mlmodel; path = deep.mlmodel; sourceTree = "<group>"; };
		67B22D1F29C6C9B000EECEA3 /* duration.mlmodel */ = {isa = PBXFileReference; lastKnownFileType = file.mlmodel; path = duration.mlmodel; sourceTree = "<group>"; };
		67B22D2129C6C9B800EECEA3 /* rem.mlmodel */ = {isa = PBXFileReference; lastKnownFileType = file.mlmodel; path = rem.mlmodel; sourceTree = "<group>"; };
		67B22D2329C6D44F00EECEA3 /* age.mlmodel */ = {isa = PBXFileReference; lastKnownFileType = file.mlmodel; path = age.mlmodel; sourceTree = "<group>"; };
		67B22D2529C7D86000EECEA3 /* SleepE5.mlmodel */ = {isa = PBXFileReference; lastKnownFileType = file.mlmodel; path = SleepE5.mlmodel; sourceTree = "<group>"; };
		67E5703829BFEAD10079D2D1 /* utils.swift */ = {isa = PBXFileReference; fileEncoding = 4; lastKnownFileType = sourcecode.swift; path = utils.swift; sourceTree = "<group>"; };
		67E5703C29BFEB770079D2D1 /* SleepE.mlmodel */ = {isa = PBXFileReference; lastKnownFileType = file.mlmodel; path = SleepE.mlmodel; sourceTree = "<group>"; };
		CB2841202992A499003B93BB /* SlumbeR.app */ = {isa = PBXFileReference; explicitFileType = wrapper.application; includeInIndex = 0; path = SlumbeR.app; sourceTree = BUILT_PRODUCTS_DIR; };
		CB2841272992A49A003B93BB /* Assets.xcassets */ = {isa = PBXFileReference; lastKnownFileType = folder.assetcatalog; path = Assets.xcassets; sourceTree = "<group>"; };
		CB28412A2992A49A003B93BB /* Preview Assets.xcassets */ = {isa = PBXFileReference; lastKnownFileType = folder.assetcatalog; path = "Preview Assets.xcassets"; sourceTree = "<group>"; };
		CB2841332992A9C4003B93BB /* HomeView.swift */ = {isa = PBXFileReference; lastKnownFileType = sourcecode.swift; path = HomeView.swift; sourceTree = "<group>"; };
		CB2841352992ACC0003B93BB /* TabBar.swift */ = {isa = PBXFileReference; lastKnownFileType = sourcecode.swift; path = TabBar.swift; sourceTree = "<group>"; };
		CB292BD429C80B9A0008EA09 /* SlumbeRApp.swift */ = {isa = PBXFileReference; lastKnownFileType = sourcecode.swift; path = SlumbeRApp.swift; sourceTree = "<group>"; };
		CB3AFBDE29C24B83005D08EF /* AuthenticationServices.framework */ = {isa = PBXFileReference; lastKnownFileType = wrapper.framework; name = AuthenticationServices.framework; path = System/Library/Frameworks/AuthenticationServices.framework; sourceTree = SDKROOT; };
		CB3AFBE129C24B83005D08EF /* AccountAuthenticationModificationViewController.swift */ = {isa = PBXFileReference; lastKnownFileType = sourcecode.swift; path = AccountAuthenticationModificationViewController.swift; sourceTree = "<group>"; };
		CB3AFBE429C24B83005D08EF /* Base */ = {isa = PBXFileReference; lastKnownFileType = file.storyboard; name = Base; path = Base.lproj/MainInterface.storyboard; sourceTree = "<group>"; };
		CB3AFBE629C24B83005D08EF /* Info.plist */ = {isa = PBXFileReference; lastKnownFileType = text.plist.xml; path = Info.plist; sourceTree = "<group>"; };
		CB7C7F1629C2E20600D9B715 /* Entitlements.plist */ = {isa = PBXFileReference; lastKnownFileType = text.plist.xml; path = Entitlements.plist; sourceTree = "<group>"; };
		CB7C7F1829C2E40500D9B715 /* HealthKit.framework */ = {isa = PBXFileReference; lastKnownFileType = wrapper.framework; name = HealthKit.framework; path = System/Library/Frameworks/HealthKit.framework; sourceTree = SDKROOT; };
		CB7C7F1A29C2E40B00D9B715 /* HealthKitUI.framework */ = {isa = PBXFileReference; lastKnownFileType = wrapper.framework; name = HealthKitUI.framework; path = System/Library/Frameworks/HealthKitUI.framework; sourceTree = SDKROOT; };
		CBB9A055299C716D00E6F50A /* TipsView.swift */ = {isa = PBXFileReference; lastKnownFileType = sourcecode.swift; path = TipsView.swift; sourceTree = "<group>"; };
/* End PBXFileReference section */

/* Begin PBXFrameworksBuildPhase section */
		CB28411D2992A499003B93BB /* Frameworks */ = {
			isa = PBXFrameworksBuildPhase;
			buildActionMask = 2147483647;
			files = (
				CB4DEFC529A588A5009B96C0 /* SwiftUICharts in Frameworks */,
				CB7C7F1929C2E40500D9B715 /* HealthKit.framework in Frameworks */,
				CB7C7F1B29C2E40C00D9B715 /* HealthKitUI.framework in Frameworks */,
			);
			runOnlyForDeploymentPostprocessing = 0;
		};
/* End PBXFrameworksBuildPhase section */

/* Begin PBXGroup section */
		CB2841172992A499003B93BB = {
			isa = PBXGroup;
			children = (
				CB7C7F1629C2E20600D9B715 /* Entitlements.plist */,
				CB2841222992A499003B93BB /* SlumbeR */,
				CB3AFBE029C24B83005D08EF /* ReishaIphone */,
				CB3AFBDD29C24B83005D08EF /* Frameworks */,
				CB2841212992A499003B93BB /* Products */,
			);
			sourceTree = "<group>";
		};
		CB2841212992A499003B93BB /* Products */ = {
			isa = PBXGroup;
			children = (
				CB2841202992A499003B93BB /* SlumbeR.app */,
			);
			name = Products;
			sourceTree = "<group>";
		};
		CB2841222992A499003B93BB /* SlumbeR */ = {
			isa = PBXGroup;
			children = (
				421371BB29A38B75008FAB04 /* SlumbeR.entitlements */,
				4294803B29A3873700436DBC /* Info.plist */,
				67E5703829BFEAD10079D2D1 /* utils.swift */,
				67B22D2329C6D44F00EECEA3 /* age.mlmodel */,
				67B22D1629C6C96C00EECEA3 /* cexerfreq.mlmodel */,
				67B22D1529C6C96C00EECEA3 /* cgender.mlmodel */,
				67B22D1729C6C96C00EECEA3 /* cSleepE5.mlmodel */,
				67B22D1829C6C96C00EECEA3 /* csmoke.mlmodel */,
				67B22D1F29C6C9B000EECEA3 /* duration.mlmodel */,
				67B22D2529C7D86000EECEA3 /* SleepE5.mlmodel */,
				67B22D2129C6C9B800EECEA3 /* rem.mlmodel */,
				67B22D1D29C6C98700EECEA3 /* deep.mlmodel */,
				67E5703C29BFEB770079D2D1 /* SleepE.mlmodel */,
				421F074329C8310C00CCA8D9 /* Model.xcdatamodeld */,
				6732CC66299C5ADD0035F1FC /* DataController.swift */,
				CB292BD429C80B9A0008EA09 /* SlumbeRApp.swift */,
				CB2841312992A962003B93BB /* Views */,
				CB2841272992A49A003B93BB /* Assets.xcassets */,
				CB2841292992A49A003B93BB /* Preview Content */,
			);
			path = SlumbeR;
			sourceTree = "<group>";
		};
		CB2841292992A49A003B93BB /* Preview Content */ = {
			isa = PBXGroup;
			children = (
				CB28412A2992A49A003B93BB /* Preview Assets.xcassets */,
			);
			path = "Preview Content";
			sourceTree = "<group>";
		};
		CB2841312992A962003B93BB /* Views */ = {
			isa = PBXGroup;
			children = (
				CB2841322992A971003B93BB /* Main */,
			);
			path = Views;
			sourceTree = "<group>";
		};
		CB2841322992A971003B93BB /* Main */ = {
			isa = PBXGroup;
			children = (
				CB2841332992A9C4003B93BB /* HomeView.swift */,
				42EABD7B2995BB7B00494F25 /* UserSleepInputView.swift */,
				CB2841352992ACC0003B93BB /* TabBar.swift */,
				429E40C829A339FC0056A9C0 /* MainMenu.swift */,
				CBB9A055299C716D00E6F50A /* TipsView.swift */,
			);
			path = Main;
			sourceTree = "<group>";
		};
		CB3AFBDD29C24B83005D08EF /* Frameworks */ = {
			isa = PBXGroup;
			children = (
				CB7C7F1A29C2E40B00D9B715 /* HealthKitUI.framework */,
				CB7C7F1829C2E40500D9B715 /* HealthKit.framework */,
				CB3AFBDE29C24B83005D08EF /* AuthenticationServices.framework */,
			);
			name = Frameworks;
			sourceTree = "<group>";
		};
		CB3AFBE029C24B83005D08EF /* ReishaIphone */ = {
			isa = PBXGroup;
			children = (
				CB3AFBE129C24B83005D08EF /* AccountAuthenticationModificationViewController.swift */,
				CB3AFBE329C24B83005D08EF /* MainInterface.storyboard */,
				CB3AFBE629C24B83005D08EF /* Info.plist */,
			);
			path = ReishaIphone;
			sourceTree = "<group>";
		};
/* End PBXGroup section */

/* Begin PBXNativeTarget section */
		CB28411F2992A499003B93BB /* SlumbeR */ = {
			isa = PBXNativeTarget;
			buildConfigurationList = CB28412E2992A49A003B93BB /* Build configuration list for PBXNativeTarget "SlumbeR" */;
			buildPhases = (
				CB28411C2992A499003B93BB /* Sources */,
				CB28411D2992A499003B93BB /* Frameworks */,
				CB28411E2992A499003B93BB /* Resources */,
				CB3AFBEA29C24B83005D08EF /* Embed Foundation Extensions */,
			);
			buildRules = (
			);
			dependencies = (
			);
			name = SlumbeR;
			packageProductDependencies = (
				CB4DEFC429A588A5009B96C0 /* SwiftUICharts */,
			);
			productName = SlumbeR;
			productReference = CB2841202992A499003B93BB /* SlumbeR.app */;
			productType = "com.apple.product-type.application";
		};
/* End PBXNativeTarget section */

/* Begin PBXProject section */
		CB2841182992A499003B93BB /* Project object */ = {
			isa = PBXProject;
			attributes = {
				BuildIndependentTargetsInParallel = 1;
				LastSwiftUpdateCheck = 1420;
				LastUpgradeCheck = 1320;
				TargetAttributes = {
					CB28411F2992A499003B93BB = {
						CreatedOnToolsVersion = 13.2.1;
					};
				};
			};
			buildConfigurationList = CB28411B2992A499003B93BB /* Build configuration list for PBXProject "SlumbeR" */;
			compatibilityVersion = "Xcode 13.0";
			developmentRegion = en;
			hasScannedForEncodings = 0;
			knownRegions = (
				en,
				Base,
			);
			mainGroup = CB2841172992A499003B93BB;
			packageReferences = (
				CB4DEFC329A588A5009B96C0 /* XCRemoteSwiftPackageReference "ChartView" */,
			);
			productRefGroup = CB2841212992A499003B93BB /* Products */;
			projectDirPath = "";
			projectRoot = "";
			targets = (
				CB28411F2992A499003B93BB /* SlumbeR */,
			);
		};
/* End PBXProject section */

/* Begin PBXResourcesBuildPhase section */
		CB28411E2992A499003B93BB /* Resources */ = {
			isa = PBXResourcesBuildPhase;
			buildActionMask = 2147483647;
			files = (
				CB7C7F1729C2E20600D9B715 /* Entitlements.plist in Resources */,
				CB28412B2992A49A003B93BB /* Preview Assets.xcassets in Resources */,
				CB2841282992A49A003B93BB /* Assets.xcassets in Resources */,
			);
			runOnlyForDeploymentPostprocessing = 0;
		};
/* End PBXResourcesBuildPhase section */

/* Begin PBXSourcesBuildPhase section */
		CB28411C2992A499003B93BB /* Sources */ = {
			isa = PBXSourcesBuildPhase;
			buildActionMask = 2147483647;
			files = (
				67E5703929BFEAD10079D2D1 /* utils.swift in Sources */,
				67B22D1C29C6C96C00EECEA3 /* csmoke.mlmodel in Sources */,
				67B22D1A29C6C96C00EECEA3 /* cexerfreq.mlmodel in Sources */,
				67B22D1E29C6C98700EECEA3 /* deep.mlmodel in Sources */,
				67B22D2429C6D44F00EECEA3 /* age.mlmodel in Sources */,
				CB292BD629C80BCE0008EA09 /* SlumbeRApp.swift in Sources */,
				421F074529C8310C00CCA8D9 /* Model.xcdatamodeld in Sources */,
				67B22D1B29C6C96C00EECEA3 /* cSleepE5.mlmodel in Sources */,
				67B22D1929C6C96C00EECEA3 /* cgender.mlmodel in Sources */,
				CB292BD729C80BD10008EA09 /* HomeView.swift in Sources */,
				67E5703D29BFEB770079D2D1 /* SleepE.mlmodel in Sources */,
				CB2841362992ACC0003B93BB /* TabBar.swift in Sources */,
				429E40C929A339FC0056A9C0 /* MainMenu.swift in Sources */,
				CBB9A056299C716D00E6F50A /* TipsView.swift in Sources */,
				6732CC67299C5ADD0035F1FC /* DataController.swift in Sources */,
				67B22D2029C6C9B000EECEA3 /* duration.mlmodel in Sources */,
				67B22D2229C6C9B800EECEA3 /* rem.mlmodel in Sources */,
				67B22D2629C7D86000EECEA3 /* SleepE5.mlmodel in Sources */,
				42EABD7C2995BB7B00494F25 /* UserSleepInputView.swift in Sources */,
			);
			runOnlyForDeploymentPostprocessing = 0;
		};
/* End PBXSourcesBuildPhase section */

/* Begin PBXVariantGroup section */
		CB3AFBE329C24B83005D08EF /* MainInterface.storyboard */ = {
			isa = PBXVariantGroup;
			children = (
				CB3AFBE429C24B83005D08EF /* Base */,
			);
			name = MainInterface.storyboard;
			sourceTree = "<group>";
		};
/* End PBXVariantGroup section */

/* Begin XCBuildConfiguration section */
		CB28412C2992A49A003B93BB /* Debug */ = {
			isa = XCBuildConfiguration;
			buildSettings = {
				ALWAYS_SEARCH_USER_PATHS = NO;
				CLANG_ANALYZER_NONNULL = YES;
				CLANG_ANALYZER_NUMBER_OBJECT_CONVERSION = YES_AGGRESSIVE;
				CLANG_CXX_LANGUAGE_STANDARD = "gnu++17";
				CLANG_CXX_LIBRARY = "libc++";
				CLANG_ENABLE_MODULES = YES;
				CLANG_ENABLE_OBJC_ARC = YES;
				CLANG_ENABLE_OBJC_WEAK = YES;
				CLANG_WARN_BLOCK_CAPTURE_AUTORELEASING = YES;
				CLANG_WARN_BOOL_CONVERSION = YES;
				CLANG_WARN_COMMA = YES;
				CLANG_WARN_CONSTANT_CONVERSION = YES;
				CLANG_WARN_DEPRECATED_OBJC_IMPLEMENTATIONS = YES;
				CLANG_WARN_DIRECT_OBJC_ISA_USAGE = YES_ERROR;
				CLANG_WARN_DOCUMENTATION_COMMENTS = YES;
				CLANG_WARN_EMPTY_BODY = YES;
				CLANG_WARN_ENUM_CONVERSION = YES;
				CLANG_WARN_INFINITE_RECURSION = YES;
				CLANG_WARN_INT_CONVERSION = YES;
				CLANG_WARN_NON_LITERAL_NULL_CONVERSION = YES;
				CLANG_WARN_OBJC_IMPLICIT_RETAIN_SELF = YES;
				CLANG_WARN_OBJC_LITERAL_CONVERSION = YES;
				CLANG_WARN_OBJC_ROOT_CLASS = YES_ERROR;
				CLANG_WARN_QUOTED_INCLUDE_IN_FRAMEWORK_HEADER = YES;
				CLANG_WARN_RANGE_LOOP_ANALYSIS = YES;
				CLANG_WARN_STRICT_PROTOTYPES = YES;
				CLANG_WARN_SUSPICIOUS_MOVE = YES;
				CLANG_WARN_UNGUARDED_AVAILABILITY = YES_AGGRESSIVE;
				CLANG_WARN_UNREACHABLE_CODE = YES;
				CLANG_WARN__DUPLICATE_METHOD_MATCH = YES;
				COPY_PHASE_STRIP = NO;
				DEBUG_INFORMATION_FORMAT = dwarf;
				ENABLE_STRICT_OBJC_MSGSEND = YES;
				ENABLE_TESTABILITY = YES;
				GCC_C_LANGUAGE_STANDARD = gnu11;
				GCC_DYNAMIC_NO_PIC = NO;
				GCC_NO_COMMON_BLOCKS = YES;
				GCC_OPTIMIZATION_LEVEL = 0;
				GCC_PREPROCESSOR_DEFINITIONS = (
					"DEBUG=1",
					"$(inherited)",
				);
				GCC_WARN_64_TO_32_BIT_CONVERSION = YES;
				GCC_WARN_ABOUT_RETURN_TYPE = YES_ERROR;
				GCC_WARN_UNDECLARED_SELECTOR = YES;
				GCC_WARN_UNINITIALIZED_AUTOS = YES_AGGRESSIVE;
				GCC_WARN_UNUSED_FUNCTION = YES;
				GCC_WARN_UNUSED_VARIABLE = YES;
				IPHONEOS_DEPLOYMENT_TARGET = 15.2;
				MTL_ENABLE_DEBUG_INFO = INCLUDE_SOURCE;
				MTL_FAST_MATH = YES;
				ONLY_ACTIVE_ARCH = YES;
				SDKROOT = iphoneos;
				SWIFT_ACTIVE_COMPILATION_CONDITIONS = DEBUG;
				SWIFT_OPTIMIZATION_LEVEL = "-Onone";
			};
			name = Debug;
		};
		CB28412D2992A49A003B93BB /* Release */ = {
			isa = XCBuildConfiguration;
			buildSettings = {
				ALWAYS_SEARCH_USER_PATHS = NO;
				CLANG_ANALYZER_NONNULL = YES;
				CLANG_ANALYZER_NUMBER_OBJECT_CONVERSION = YES_AGGRESSIVE;
				CLANG_CXX_LANGUAGE_STANDARD = "gnu++17";
				CLANG_CXX_LIBRARY = "libc++";
				CLANG_ENABLE_MODULES = YES;
				CLANG_ENABLE_OBJC_ARC = YES;
				CLANG_ENABLE_OBJC_WEAK = YES;
				CLANG_WARN_BLOCK_CAPTURE_AUTORELEASING = YES;
				CLANG_WARN_BOOL_CONVERSION = YES;
				CLANG_WARN_COMMA = YES;
				CLANG_WARN_CONSTANT_CONVERSION = YES;
				CLANG_WARN_DEPRECATED_OBJC_IMPLEMENTATIONS = YES;
				CLANG_WARN_DIRECT_OBJC_ISA_USAGE = YES_ERROR;
				CLANG_WARN_DOCUMENTATION_COMMENTS = YES;
				CLANG_WARN_EMPTY_BODY = YES;
				CLANG_WARN_ENUM_CONVERSION = YES;
				CLANG_WARN_INFINITE_RECURSION = YES;
				CLANG_WARN_INT_CONVERSION = YES;
				CLANG_WARN_NON_LITERAL_NULL_CONVERSION = YES;
				CLANG_WARN_OBJC_IMPLICIT_RETAIN_SELF = YES;
				CLANG_WARN_OBJC_LITERAL_CONVERSION = YES;
				CLANG_WARN_OBJC_ROOT_CLASS = YES_ERROR;
				CLANG_WARN_QUOTED_INCLUDE_IN_FRAMEWORK_HEADER = YES;
				CLANG_WARN_RANGE_LOOP_ANALYSIS = YES;
				CLANG_WARN_STRICT_PROTOTYPES = YES;
				CLANG_WARN_SUSPICIOUS_MOVE = YES;
				CLANG_WARN_UNGUARDED_AVAILABILITY = YES_AGGRESSIVE;
				CLANG_WARN_UNREACHABLE_CODE = YES;
				CLANG_WARN__DUPLICATE_METHOD_MATCH = YES;
				COPY_PHASE_STRIP = NO;
				DEBUG_INFORMATION_FORMAT = "dwarf-with-dsym";
				ENABLE_NS_ASSERTIONS = NO;
				ENABLE_STRICT_OBJC_MSGSEND = YES;
				GCC_C_LANGUAGE_STANDARD = gnu11;
				GCC_NO_COMMON_BLOCKS = YES;
				GCC_WARN_64_TO_32_BIT_CONVERSION = YES;
				GCC_WARN_ABOUT_RETURN_TYPE = YES_ERROR;
				GCC_WARN_UNDECLARED_SELECTOR = YES;
				GCC_WARN_UNINITIALIZED_AUTOS = YES_AGGRESSIVE;
				GCC_WARN_UNUSED_FUNCTION = YES;
				GCC_WARN_UNUSED_VARIABLE = YES;
				IPHONEOS_DEPLOYMENT_TARGET = 15.2;
				MTL_ENABLE_DEBUG_INFO = NO;
				MTL_FAST_MATH = YES;
				SDKROOT = iphoneos;
				SWIFT_COMPILATION_MODE = wholemodule;
				SWIFT_OPTIMIZATION_LEVEL = "-O";
				VALIDATE_PRODUCT = YES;
			};
			name = Release;
		};
		CB28412F2992A49A003B93BB /* Debug */ = {
			isa = XCBuildConfiguration;
			buildSettings = {
				ALWAYS_EMBED_SWIFT_STANDARD_LIBRARIES = YES;
				ASSETCATALOG_COMPILER_APPICON_NAME = AppIcon;
				ASSETCATALOG_COMPILER_GLOBAL_ACCENT_COLOR_NAME = AccentColor;
				CODE_SIGN_ENTITLEMENTS = SlumbeR/SlumbeR.entitlements;
				CODE_SIGN_STYLE = Automatic;
				CURRENT_PROJECT_VERSION = 1;
				DEVELOPMENT_ASSET_PATHS = "\"SlumbeR/Preview Content\"";
				DEVELOPMENT_TEAM = M5T36885A4;
				ENABLE_PREVIEWS = YES;
				GENERATE_INFOPLIST_FILE = YES;
				INFOPLIST_FILE = "";
				INFOPLIST_KEY_LSApplicationCategoryType = "";
				INFOPLIST_KEY_NSHealthShareUsageDescription = "\"We need permission to steal your health data\"";
				INFOPLIST_KEY_UIApplicationSceneManifest_Generation = YES;
				INFOPLIST_KEY_UIApplicationSupportsIndirectInputEvents = YES;
				INFOPLIST_KEY_UILaunchScreen_Generation = YES;
				INFOPLIST_KEY_UISupportedInterfaceOrientations_iPad = "UIInterfaceOrientationPortrait UIInterfaceOrientationPortraitUpsideDown UIInterfaceOrientationLandscapeLeft UIInterfaceOrientationLandscapeRight";
				IPHONEOS_DEPLOYMENT_TARGET = 16.0;
				LD_RUNPATH_SEARCH_PATHS = (
					"$(inherited)",
					"@executable_path/Frameworks",
				);
				MARKETING_VERSION = 1.0;
				PRODUCT_BUNDLE_IDENTIFIER = reisha.SlumbeR;
				PRODUCT_NAME = "$(TARGET_NAME)";
				SWIFT_EMIT_LOC_STRINGS = YES;
				SWIFT_VERSION = 5.0;
				TARGETED_DEVICE_FAMILY = "1,2";
			};
			name = Debug;
		};
		CB2841302992A49A003B93BB /* Release */ = {
			isa = XCBuildConfiguration;
			buildSettings = {
				ALWAYS_EMBED_SWIFT_STANDARD_LIBRARIES = YES;
				ASSETCATALOG_COMPILER_APPICON_NAME = AppIcon;
				ASSETCATALOG_COMPILER_GLOBAL_ACCENT_COLOR_NAME = AccentColor;
				CODE_SIGN_ENTITLEMENTS = SlumbeR/SlumbeR.entitlements;
				"CODE_SIGN_ENTITLEMENTS[sdk=*]" = SlumbeR/SlumbeR.entitlements;
				CODE_SIGN_STYLE = Automatic;
				CURRENT_PROJECT_VERSION = 1;
				DEVELOPMENT_ASSET_PATHS = "\"SlumbeR/Preview Content\"";
				DEVELOPMENT_TEAM = M5T36885A4;
				ENABLE_PREVIEWS = YES;
				GENERATE_INFOPLIST_FILE = YES;
				INFOPLIST_FILE = "";
				INFOPLIST_KEY_LSApplicationCategoryType = "";
				INFOPLIST_KEY_NSHealthShareUsageDescription = "\"We need permission to steal your health data\"";
				INFOPLIST_KEY_UIApplicationSceneManifest_Generation = YES;
				INFOPLIST_KEY_UIApplicationSupportsIndirectInputEvents = YES;
				INFOPLIST_KEY_UILaunchScreen_Generation = YES;
				INFOPLIST_KEY_UISupportedInterfaceOrientations_iPad = "UIInterfaceOrientationPortrait UIInterfaceOrientationPortraitUpsideDown UIInterfaceOrientationLandscapeLeft UIInterfaceOrientationLandscapeRight";
				IPHONEOS_DEPLOYMENT_TARGET = 16.0;
				LD_RUNPATH_SEARCH_PATHS = (
					"$(inherited)",
					"@executable_path/Frameworks",
				);
				MARKETING_VERSION = 1.0;
				PRODUCT_BUNDLE_IDENTIFIER = reisha.SlumbeR;
				PRODUCT_NAME = "$(TARGET_NAME)";
				SWIFT_EMIT_LOC_STRINGS = YES;
				SWIFT_VERSION = 5.0;
				TARGETED_DEVICE_FAMILY = "1,2";
			};
			name = Release;
		};
/* End XCBuildConfiguration section */

/* Begin XCConfigurationList section */
		CB28411B2992A499003B93BB /* Build configuration list for PBXProject "SlumbeR" */ = {
			isa = XCConfigurationList;
			buildConfigurations = (
				CB28412C2992A49A003B93BB /* Debug */,
				CB28412D2992A49A003B93BB /* Release */,
			);
			defaultConfigurationIsVisible = 0;
			defaultConfigurationName = Release;
		};
		CB28412E2992A49A003B93BB /* Build configuration list for PBXNativeTarget "SlumbeR" */ = {
			isa = XCConfigurationList;
			buildConfigurations = (
				CB28412F2992A49A003B93BB /* Debug */,
				CB2841302992A49A003B93BB /* Release */,
			);
			defaultConfigurationIsVisible = 0;
			defaultConfigurationName = Release;
		};
/* End XCConfigurationList section */

/* Begin XCRemoteSwiftPackageReference section */
		CB4DEFC329A588A5009B96C0 /* XCRemoteSwiftPackageReference "ChartView" */ = {
			isa = XCRemoteSwiftPackageReference;
			repositoryURL = "https://github.com/AppPear/ChartView";
			requirement = {
				kind = upToNextMajorVersion;
				minimumVersion = 1.0.0;
			};
		};
/* End XCRemoteSwiftPackageReference section */

/* Begin XCSwiftPackageProductDependency section */
		CB4DEFC429A588A5009B96C0 /* SwiftUICharts */ = {
			isa = XCSwiftPackageProductDependency;
			package = CB4DEFC329A588A5009B96C0 /* XCRemoteSwiftPackageReference "ChartView" */;
			productName = SwiftUICharts;
		};
/* End XCSwiftPackageProductDependency section */

/* Begin XCVersionGroup section */
		421F074329C8310C00CCA8D9 /* Model.xcdatamodeld */ = {
			isa = XCVersionGroup;
			children = (
				421F074429C8310C00CCA8D9 /* Model.xcdatamodel */,
			);
			currentVersion = 421F074429C8310C00CCA8D9 /* Model.xcdatamodel */;
			path = Model.xcdatamodeld;
			sourceTree = "<group>";
			versionGroupType = wrapper.xcdatamodel;
		};
/* End XCVersionGroup section */
	};
	rootObject = CB2841182992A499003B93BB /* Project object */;
}
